github.com/barklan/hugo-dead-simple v0.0.0-20220419172821-40b623752049 h1:QA80l1///0niRQ+tldVOWbOWN96Npr0mcIk06MTjxr4=
github.com/barklan/hugo-dead-simple v0.0.0-20220419172821-40b623752049/go.mod h1:Ql5njM3SwZWMqWD1bt6UQoebKHIuRt37HeEkiWMUxXo=
github.com/barklan/hugo-dead-simple v0.0.0-20220419183210-ed07b9d11df6 h1:2ebyC3N+H/ztVJrs5lZRQYO7mcpRlKfknw9a68qdKmg=
github.com/barklan/hugo-dead-simple v0.0.0-20220419183210-ed07b9d11df6/go.mod h1:Ql5njM3SwZWMqWD1bt6UQoebKHIuRt37HeEkiWMUxXo=
