github.com/barklan/hugo-dead-simple v0.0.0-20220419163445-5e32f85b8d55 h1:/cEMs22Wqe5CMePwazZaKcAQHpMaACSZpa+XVHOCjrU=
github.com/barklan/hugo-dead-simple v0.0.0-20220419163445-5e32f85b8d55/go.mod h1:Nrsbb6Y43MvEZefigmdWIzWKvnD56nUTmz4AQZCDMZw=
github.com/barklan/hugo-dead-simple v0.0.0-20220419164928-dd7f8b04a030 h1:92sWlA3d9q8m+EWslhRlEGrIV+J9bSBhmBuUSBJVI7c=
github.com/barklan/hugo-dead-simple v0.0.0-20220419164928-dd7f8b04a030/go.mod h1:Ql5njM3SwZWMqWD1bt6UQoebKHIuRt37HeEkiWMUxXo=
